
Microsoft Visual Studio Solution File, Format Version 12.00
# Visual Studio Version 17
VisualStudioVersion = 17.14.36301.6 d17.14
MinimumVisualStudioVersion = 10.0.40219.1
Project("{FAE04EC0-301F-11D3-BF4B-00C04F79EFBC}") = "PavleKovacevic33319", "PavleKovacevic33319\PavleKovacevic33319.csproj", "{6E2B3051-6606-40B7-B2A9-D68C7281090E}"
EndProject
Global
	GlobalSection(SolutionConfigurationPlatforms) = preSolution
		Debug|Any CPU = Debug|Any CPU
		Release|Any CPU = Release|Any CPU
	EndGlobalSection
	GlobalSection(ProjectConfigurationPlatforms) = postSolution
		{6E2B3051-6606-40B7-B2A9-D68C7281090E}.Debug|Any CPU.ActiveCfg = Debug|Any CPU
		{6E2B3051-6606-40B7-B2A9-D68C7281090E}.Debug|Any CPU.Build.0 = Debug|Any CPU
		{6E2B3051-6606-40B7-B2A9-D68C7281090E}.Release|Any CPU.ActiveCfg = Release|Any CPU
		{6E2B3051-6606-40B7-B2A9-D68C7281090E}.Release|Any CPU.Build.0 = Release|Any CPU
	EndGlobalSection
	GlobalSection(SolutionProperties) = preSolution
		HideSolutionNode = FALSE
	EndGlobalSection
	GlobalSection(ExtensibilityGlobals) = postSolution
		SolutionGuid = {A24CEF83-EB50-4FB5-9D4C-9E0F521324EE}
	EndGlobalSection
EndGlobal
